Microsoft Visual Studio Solution File, Format Version 12.00
# Visual Studio Version 17
VisualStudioVersion = 17.12.35527.113 d17.12
MinimumVisualStudioVersion = 10.0.40219.1
Project("{FAE04EC0-301F-11D3-BF4B-00C04F79EFBC}") = "tools.AppHost", "tools.AppHost\tools.AppHost.csproj", "{93BE6CD6-ED84-4A42-9A11-97DDCA028944}"
EndProject
Project("{FAE04EC0-301F-11D3-BF4B-00C04F79EFBC}") = "tools.ServiceDefaults", "tools.ServiceDefaults\tools.ServiceDefaults.csproj", "{B912DD45-C4F6-4310-AE65-F849DC42F056}"
EndProject
Project("{FAE04EC0-301F-11D3-BF4B-00C04F79EFBC}") = "tools.ApiService", "tools.ApiService\tools.ApiService.csproj", "{C67453ED-5041-4E64-BD41-D44E63861303}"
EndProject
Project("{FAE04EC0-301F-11D3-BF4B-00C04F79EFBC}") = "tools.Web", "tools.Web\tools.Web.csproj", "{5D527B1A-4D90-4288-8283-7917FF147AC1}"
EndProject
Global
	GlobalSection(SolutionConfigurationPlatforms) = preSolution
		Debug|Any CPU = Debug|Any CPU
		Release|Any CPU = Release|Any CPU
	EndGlobalSection
	GlobalSection(ProjectConfigurationPlatforms) = postSolution
		{93BE6CD6-ED84-4A42-9A11-97DDCA028944}.Debug|Any CPU.ActiveCfg = Debug|Any CPU
		{93BE6CD6-ED84-4A42-9A11-97DDCA028944}.Debug|Any CPU.Build.0 = Debug|Any CPU
		{93BE6CD6-ED84-4A42-9A11-97DDCA028944}.Release|Any CPU.ActiveCfg = Release|Any CPU
		{93BE6CD6-ED84-4A42-9A11-97DDCA028944}.Release|Any CPU.Build.0 = Release|Any CPU
		{B912DD45-C4F6-4310-AE65-F849DC42F056}.Debug|Any CPU.ActiveCfg = Debug|Any CPU
		{B912DD45-C4F6-4310-AE65-F849DC42F056}.Debug|Any CPU.Build.0 = Debug|Any CPU
		{B912DD45-C4F6-4310-AE65-F849DC42F056}.Release|Any CPU.ActiveCfg = Release|Any CPU
		{B912DD45-C4F6-4310-AE65-F849DC42F056}.Release|Any CPU.Build.0 = Release|Any CPU
		{C67453ED-5041-4E64-BD41-D44E63861303}.Debug|Any CPU.ActiveCfg = Debug|Any CPU
		{C67453ED-5041-4E64-BD41-D44E63861303}.Debug|Any CPU.Build.0 = Debug|Any CPU
		{C67453ED-5041-4E64-BD41-D44E63861303}.Release|Any CPU.ActiveCfg = Release|Any CPU
		{C67453ED-5041-4E64-BD41-D44E63861303}.Release|Any CPU.Build.0 = Release|Any CPU
		{5D527B1A-4D90-4288-8283-7917FF147AC1}.Debug|Any CPU.ActiveCfg = Debug|Any CPU
		{5D527B1A-4D90-4288-8283-7917FF147AC1}.Debug|Any CPU.Build.0 = Debug|Any CPU
		{5D527B1A-4D90-4288-8283-7917FF147AC1}.Release|Any CPU.ActiveCfg = Release|Any CPU
		{5D527B1A-4D90-4288-8283-7917FF147AC1}.Release|Any CPU.Build.0 = Release|Any CPU
	EndGlobalSection
	GlobalSection(SolutionProperties) = preSolution
		HideSolutionNode = FALSE
	EndGlobalSection
EndGlobal
